// !$*UTF8*$!
{
	archiveVersion = 1;
	classes = {
	};
	objectVersion = 50;
	objects = {

/* Begin PBXBuildFile section */
		53FDBBA7C0DF8A69DCF1F548 /* Pods_Project_3_Sou_Mizobuchi.framework in Frameworks */ = {isa = PBXBuildFile; fileRef = B24DA766940B15CD79949D7E /* Pods_Project_3_Sou_Mizobuchi.framework */; };
		699384A5219D031900AC242E /* geocode.js in Resources */ = {isa = PBXBuildFile; fileRef = 6993849C219D031800AC242E /* geocode.js */; };
		699384A6219D031900AC242E /* Scripture.swift in Sources */ = {isa = PBXBuildFile; fileRef = 6993849D219D031800AC242E /* Scripture.swift */; };
		699384A7219D031900AC242E /* String+Extensions.swift in Sources */ = {isa = PBXBuildFile; fileRef = 6993849E219D031800AC242E /* String+Extensions.swift */; };
		699384A8219D031900AC242E /* ScriptureRenderer.swift in Sources */ = {isa = PBXBuildFile; fileRef = 6993849F219D031800AC242E /* ScriptureRenderer.swift */; };
		699384A9219D031900AC242E /* scripture.css in Resources */ = {isa = PBXBuildFile; fileRef = 699384A0219D031800AC242E /* scripture.css */; };
		699384AA219D031900AC242E /* Book.swift in Sources */ = {isa = PBXBuildFile; fileRef = 699384A1219D031800AC242E /* Book.swift */; };
		699384AB219D031900AC242E /* GeoPlace.swift in Sources */ = {isa = PBXBuildFile; fileRef = 699384A2219D031800AC242E /* GeoPlace.swift */; };
		699384AC219D031900AC242E /* geo.21.sqlite in Resources */ = {isa = PBXBuildFile; fileRef = 699384A3219D031900AC242E /* geo.21.sqlite */; };
		699384AD219D031900AC242E /* GeoDatabase.swift in Sources */ = {isa = PBXBuildFile; fileRef = 699384A4219D031900AC242E /* GeoDatabase.swift */; };
		699384B8219D079000AC242E /* VolumesViewController.swift in Sources */ = {isa = PBXBuildFile; fileRef = 699384B7219D078F00AC242E /* VolumesViewController.swift */; };
		699384BA219D0B5700AC242E /* BooksViewController.swift in Sources */ = {isa = PBXBuildFile; fileRef = 699384B9219D0B5700AC242E /* BooksViewController.swift */; };
		699384C6219D16E800AC242E /* WebKit.framework in Frameworks */ = {isa = PBXBuildFile; fileRef = 699384C5219D16E800AC242E /* WebKit.framework */; };
		699384C8219D174100AC242E /* ScripturesViewController.swift in Sources */ = {isa = PBXBuildFile; fileRef = 699384C7219D174100AC242E /* ScripturesViewController.swift */; };
		699384CA219D1B3200AC242E /* MapViewController.swift in Sources */ = {isa = PBXBuildFile; fileRef = 699384C9219D1B3200AC242E /* MapViewController.swift */; };
		69C07BD0219B2CB600FA934A /* AppDelegate.swift in Sources */ = {isa = PBXBuildFile; fileRef = 69C07BCF219B2CB600FA934A /* AppDelegate.swift */; };
		69C07BD5219B2CB600FA934A /* Main.storyboard in Resources */ = {isa = PBXBuildFile; fileRef = 69C07BD3219B2CB600FA934A /* Main.storyboard */; };
		69C07BD7219B2CB900FA934A /* Assets.xcassets in Resources */ = {isa = PBXBuildFile; fileRef = 69C07BD6219B2CB900FA934A /* Assets.xcassets */; };
		69C07BDA219B2CB900FA934A /* LaunchScreen.storyboard in Resources */ = {isa = PBXBuildFile; fileRef = 69C07BD8219B2CB900FA934A /* LaunchScreen.storyboard */; };
/* End PBXBuildFile section */

/* Begin PBXFileReference section */
		6934B78C219B314100F4FF47 /* Project 3 Sou Mizobuchi.app */ = {isa = PBXFileReference; explicitFileType = wrapper.application; includeInIndex = 0; path = "Project 3 Sou Mizobuchi.app"; sourceTree = BUILT_PRODUCTS_DIR; };
		6993849C219D031800AC242E /* geocode.js */ = {isa = PBXFileReference; fileEncoding = 4; lastKnownFileType = sourcecode.javascript; path = geocode.js; sourceTree = "<group>"; };
		6993849D219D031800AC242E /* Scripture.swift */ = {isa = PBXFileReference; fileEncoding = 4; lastKnownFileType = sourcecode.swift; path = Scripture.swift; sourceTree = "<group>"; };
		6993849E219D031800AC242E /* String+Extensions.swift */ = {isa = PBXFileReference; fileEncoding = 4; lastKnownFileType = sourcecode.swift; path = "String+Extensions.swift"; sourceTree = "<group>"; };
		6993849F219D031800AC242E /* ScriptureRenderer.swift */ = {isa = PBXFileReference; fileEncoding = 4; lastKnownFileType = sourcecode.swift; path = ScriptureRenderer.swift; sourceTree = "<group>"; };
		699384A0219D031800AC242E /* scripture.css */ = {isa = PBXFileReference; fileEncoding = 4; lastKnownFileType = text.css; path = scripture.css; sourceTree = "<group>"; };
		699384A1219D031800AC242E /* Book.swift */ = {isa = PBXFileReference; fileEncoding = 4; lastKnownFileType = sourcecode.swift; path = Book.swift; sourceTree = "<group>"; };
		699384A2219D031800AC242E /* GeoPlace.swift */ = {isa = PBXFileReference; fileEncoding = 4; lastKnownFileType = sourcecode.swift; path = GeoPlace.swift; sourceTree = "<group>"; };
		699384A3219D031900AC242E /* geo.21.sqlite */ = {isa = PBXFileReference; lastKnownFileType = file; path = geo.21.sqlite; sourceTree = "<group>"; };
		699384A4219D031900AC242E /* GeoDatabase.swift */ = {isa = PBXFileReference; fileEncoding = 4; lastKnownFileType = sourcecode.swift; path = GeoDatabase.swift; sourceTree = "<group>"; };
		699384B7219D078F00AC242E /* VolumesViewController.swift */ = {isa = PBXFileReference; lastKnownFileType = sourcecode.swift; name = VolumesViewController.swift; path = "/Users/user144546/Desktop/Project 3 Sou Mizobuchi/Project 3 Sou Mizobuchi/Controller/VolumesViewController.swift"; sourceTree = "<absolute>"; };
		699384B9219D0B5700AC242E /* BooksViewController.swift */ = {isa = PBXFileReference; lastKnownFileType = sourcecode.swift; path = BooksViewController.swift; sourceTree = "<group>"; };
		699384C5219D16E800AC242E /* WebKit.framework */ = {isa = PBXFileReference; lastKnownFileType = wrapper.framework; name = WebKit.framework; path = System/Library/Frameworks/WebKit.framework; sourceTree = SDKROOT; };
		699384C7219D174100AC242E /* ScripturesViewController.swift */ = {isa = PBXFileReference; lastKnownFileType = sourcecode.swift; path = ScripturesViewController.swift; sourceTree = "<group>"; };
		699384C9219D1B3200AC242E /* MapViewController.swift */ = {isa = PBXFileReference; lastKnownFileType = sourcecode.swift; path = MapViewController.swift; sourceTree = "<group>"; };
		69C07BCF219B2CB600FA934A /* AppDelegate.swift */ = {isa = PBXFileReference; lastKnownFileType = sourcecode.swift; path = AppDelegate.swift; sourceTree = "<group>"; };
		69C07BD4219B2CB600FA934A /* Base */ = {isa = PBXFileReference; lastKnownFileType = file.storyboard; name = Base; path = Base.lproj/Main.storyboard; sourceTree = "<group>"; };
		69C07BD6219B2CB900FA934A /* Assets.xcassets */ = {isa = PBXFileReference; lastKnownFileType = folder.assetcatalog; path = Assets.xcassets; sourceTree = "<group>"; };
		69C07BD9219B2CB900FA934A /* Base */ = {isa = PBXFileReference; lastKnownFileType = file.storyboard; name = Base; path = Base.lproj/LaunchScreen.storyboard; sourceTree = "<group>"; };
		69C07BDB219B2CB900FA934A /* Info.plist */ = {isa = PBXFileReference; lastKnownFileType = text.plist.xml; path = Info.plist; sourceTree = "<group>"; };
		B24DA766940B15CD79949D7E /* Pods_Project_3_Sou_Mizobuchi.framework */ = {isa = PBXFileReference; explicitFileType = wrapper.framework; includeInIndex = 0; path = Pods_Project_3_Sou_Mizobuchi.framework; sourceTree = BUILT_PRODUCTS_DIR; };
		D28A538C3DD3A193D5717F22 /* Pods-Project 3 Sou Mizobuchi.debug.xcconfig */ = {isa = PBXFileReference; includeInIndex = 1; lastKnownFileType = text.xcconfig; name = "Pods-Project 3 Sou Mizobuchi.debug.xcconfig"; path = "Pods/Target Support Files/Pods-Project 3 Sou Mizobuchi/Pods-Project 3 Sou Mizobuchi.debug.xcconfig"; sourceTree = "<group>"; };
		EB6CCB0586F3E11AD460C368 /* Pods-Project 3 Sou Mizobuchi.release.xcconfig */ = {isa = PBXFileReference; includeInIndex = 1; lastKnownFileType = text.xcconfig; name = "Pods-Project 3 Sou Mizobuchi.release.xcconfig"; path = "Pods/Target Support Files/Pods-Project 3 Sou Mizobuchi/Pods-Project 3 Sou Mizobuchi.release.xcconfig"; sourceTree = "<group>"; };
/* End PBXFileReference section */

/* Begin PBXFrameworksBuildPhase section */
		69C07BC9219B2CB600FA934A /* Frameworks */ = {
			isa = PBXFrameworksBuildPhase;
			buildActionMask = 2147483647;
			files = (
				699384C6219D16E800AC242E /* WebKit.framework in Frameworks */,
				53FDBBA7C0DF8A69DCF1F548 /* Pods_Project_3_Sou_Mizobuchi.framework in Frameworks */,
			);
			runOnlyForDeploymentPostprocessing = 0;
		};
/* End PBXFrameworksBuildPhase section */

/* Begin PBXGroup section */
		5E75AABBF969E8FA6CD5867A /* Pods */ = {
			isa = PBXGroup;
			children = (
				D28A538C3DD3A193D5717F22 /* Pods-Project 3 Sou Mizobuchi.debug.xcconfig */,
				EB6CCB0586F3E11AD460C368 /* Pods-Project 3 Sou Mizobuchi.release.xcconfig */,
			);
			name = Pods;
			sourceTree = "<group>";
		};
		699384AE219D033200AC242E /* Model */ = {
			isa = PBXGroup;
			children = (
				699384C4219D160800AC242E /* Table */,
				699384A4219D031900AC242E /* GeoDatabase.swift */,
				6993849F219D031800AC242E /* ScriptureRenderer.swift */,
			);
			path = Model;
			sourceTree = "<group>";
		};
		699384AF219D036A00AC242E /* View */ = {
			isa = PBXGroup;
			children = (
				69C07BD8219B2CB900FA934A /* LaunchScreen.storyboard */,
				69C07BD3219B2CB600FA934A /* Main.storyboard */,
				699384B1219D03AE00AC242E /* HTML */,
			);
			path = View;
			sourceTree = "<group>";
		};
		699384B0219D037100AC242E /* Supporting Files */ = {
			isa = PBXGroup;
			children = (
				699384A3219D031900AC242E /* geo.21.sqlite */,
				6993849E219D031800AC242E /* String+Extensions.swift */,
				69C07BD6219B2CB900FA934A /* Assets.xcassets */,
				69C07BDB219B2CB900FA934A /* Info.plist */,
			);
			name = "Supporting Files";
			sourceTree = "<group>";
		};
		699384B1219D03AE00AC242E /* HTML */ = {
			isa = PBXGroup;
			children = (
				6993849C219D031800AC242E /* geocode.js */,
				699384A0219D031800AC242E /* scripture.css */,
			);
			path = HTML;
			sourceTree = "<group>";
		};
		699384B2219D03D200AC242E /* Controller */ = {
			isa = PBXGroup;
			children = (
				699384B7219D078F00AC242E /* VolumesViewController.swift */,
				699384C9219D1B3200AC242E /* MapViewController.swift */,
				69C07BCF219B2CB600FA934A /* AppDelegate.swift */,
				699384B9219D0B5700AC242E /* BooksViewController.swift */,
				699384C7219D174100AC242E /* ScripturesViewController.swift */,
			);
			path = Controller;
			sourceTree = "<group>";
		};
		699384C4219D160800AC242E /* Table */ = {
			isa = PBXGroup;
			children = (
				699384A1219D031800AC242E /* Book.swift */,
				699384A2219D031800AC242E /* GeoPlace.swift */,
				6993849D219D031800AC242E /* Scripture.swift */,
			);
			path = Table;
			sourceTree = "<group>";
		};
		69C07BC3219B2CB600FA934A = {
			isa = PBXGroup;
			children = (
				69C07BCE219B2CB600FA934A /* Project 3 Sou Mizobuchi */,
				6934B78C219B314100F4FF47 /* Project 3 Sou Mizobuchi.app */,
				5E75AABBF969E8FA6CD5867A /* Pods */,
				AAD98A565256B45C61DA8316 /* Frameworks */,
			);
			sourceTree = "<group>";
		};
		69C07BCE219B2CB600FA934A /* Project 3 Sou Mizobuchi */ = {
			isa = PBXGroup;
			children = (
				699384AE219D033200AC242E /* Model */,
				699384B2219D03D200AC242E /* Controller */,
				699384AF219D036A00AC242E /* View */,
				699384B0219D037100AC242E /* Supporting Files */,
			);
			path = "Project 3 Sou Mizobuchi";
			sourceTree = "<group>";
		};
		AAD98A565256B45C61DA8316 /* Frameworks */ = {
			isa = PBXGroup;
			children = (
				699384C5219D16E800AC242E /* WebKit.framework */,
				B24DA766940B15CD79949D7E /* Pods_Project_3_Sou_Mizobuchi.framework */,
			);
			name = Frameworks;
			sourceTree = "<group>";
		};
/* End PBXGroup section */

/* Begin PBXNativeTarget section */
		69C07BCB219B2CB600FA934A /* Project 3 Sou Mizobuchi */ = {
			isa = PBXNativeTarget;
			buildConfigurationList = 69C07BDE219B2CB900FA934A /* Build configuration list for PBXNativeTarget "Project 3 Sou Mizobuchi" */;
			buildPhases = (
				286529FE402498B2337A6915 /* [CP] Check Pods Manifest.lock */,
				69C07BC8219B2CB600FA934A /* Sources */,
				69C07BC9219B2CB600FA934A /* Frameworks */,
				69C07BCA219B2CB600FA934A /* Resources */,
				CFDB9F36A0184BDA05410187 /* [CP] Embed Pods Frameworks */,
			);
			buildRules = (
			);
			dependencies = (
			);
			name = "Project 3 Sou Mizobuchi";
			productName = "Project 3 Sou Mizobuchi";
			productReference = 6934B78C219B314100F4FF47 /* Project 3 Sou Mizobuchi.app */;
			productType = "com.apple.product-type.application";
		};
/* End PBXNativeTarget section */

/* Begin PBXProject section */
		69C07BC4219B2CB600FA934A /* Project object */ = {
			isa = PBXProject;
			attributes = {
				LastSwiftUpdateCheck = 1010;
				LastUpgradeCheck = 1010;
				ORGANIZATIONNAME = IS543;
				TargetAttributes = {
					69C07BCB219B2CB600FA934A = {
						CreatedOnToolsVersion = 10.1;
					};
				};
			};
			buildConfigurationList = 69C07BC7219B2CB600FA934A /* Build configuration list for PBXProject "Project 3 Sou Mizobuchi" */;
			compatibilityVersion = "Xcode 9.3";
			developmentRegion = en;
			hasScannedForEncodings = 0;
			knownRegions = (
				en,
				Base,
			);
			mainGroup = 69C07BC3219B2CB600FA934A;
			productRefGroup = 69C07BC3219B2CB600FA934A;
			projectDirPath = "";
			projectRoot = "";
			targets = (
				69C07BCB219B2CB600FA934A /* Project 3 Sou Mizobuchi */,
			);
		};
/* End PBXProject section */

/* Begin PBXResourcesBuildPhase section */
		69C07BCA219B2CB600FA934A /* Resources */ = {
			isa = PBXResourcesBuildPhase;
			buildActionMask = 2147483647;
			files = (
				69C07BDA219B2CB900FA934A /* LaunchScreen.storyboard in Resources */,
				69C07BD7219B2CB900FA934A /* Assets.xcassets in Resources */,
				69C07BD5219B2CB600FA934A /* Main.storyboard in Resources */,
				699384A5219D031900AC242E /* geocode.js in Resources */,
				699384A9219D031900AC242E /* scripture.css in Resources */,
				699384AC219D031900AC242E /* geo.21.sqlite in Resources */,
			);
			runOnlyForDeploymentPostprocessing = 0;
		};
/* End PBXResourcesBuildPhase section */

/* Begin PBXShellScriptBuildPhase section */
		286529FE402498B2337A6915 /* [CP] Check Pods Manifest.lock */ = {
			isa = PBXShellScriptBuildPhase;
			buildActionMask = 2147483647;
			files = (
			);
			inputPaths = (
				"${PODS_PODFILE_DIR_PATH}/Podfile.lock",
				"${PODS_ROOT}/Manifest.lock",
			);
			name = "[CP] Check Pods Manifest.lock";
			outputPaths = (
				"$(DERIVED_FILE_DIR)/Pods-Project 3 Sou Mizobuchi-checkManifestLockResult.txt",
			);
			runOnlyForDeploymentPostprocessing = 0;
			shellPath = /bin/sh;
			shellScript = "diff \"${PODS_PODFILE_DIR_PATH}/Podfile.lock\" \"${PODS_ROOT}/Manifest.lock\" > /dev/null\nif [ $? != 0 ] ; then\n    # print error to STDERR\n    echo \"error: The sandbox is not in sync with the Podfile.lock. Run 'pod install' or update your CocoaPods installation.\" >&2\n    exit 1\nfi\n# This output is used by Xcode 'outputs' to avoid re-running this script phase.\necho \"SUCCESS\" > \"${SCRIPT_OUTPUT_FILE_0}\"\n";
			showEnvVarsInLog = 0;
		};
		CFDB9F36A0184BDA05410187 /* [CP] Embed Pods Frameworks */ = {
			isa = PBXShellScriptBuildPhase;
			buildActionMask = 2147483647;
			files = (
			);
			inputPaths = (
				"${SRCROOT}/Pods/Target Support Files/Pods-Project 3 Sou Mizobuchi/Pods-Project 3 Sou Mizobuchi-frameworks.sh",
				"${BUILT_PRODUCTS_DIR}/GRDB.swift/GRDB.framework",
			);
			name = "[CP] Embed Pods Frameworks";
			outputPaths = (
				"${TARGET_BUILD_DIR}/${FRAMEWORKS_FOLDER_PATH}/GRDB.framework",
			);
			runOnlyForDeploymentPostprocessing = 0;
			shellPath = /bin/sh;
			shellScript = "\"${SRCROOT}/Pods/Target Support Files/Pods-Project 3 Sou Mizobuchi/Pods-Project 3 Sou Mizobuchi-frameworks.sh\"\n";
			showEnvVarsInLog = 0;
		};
/* End PBXShellScriptBuildPhase section */

/* Begin PBXSourcesBuildPhase section */
		69C07BC8219B2CB600FA934A /* Sources */ = {
			isa = PBXSourcesBuildPhase;
			buildActionMask = 2147483647;
			files = (
				699384CA219D1B3200AC242E /* MapViewController.swift in Sources */,
				699384A7219D031900AC242E /* String+Extensions.swift in Sources */,
				699384A8219D031900AC242E /* ScriptureRenderer.swift in Sources */,
				699384AA219D031900AC242E /* Book.swift in Sources */,
				699384AD219D031900AC242E /* GeoDatabase.swift in Sources */,
				699384B8219D079000AC242E /* VolumesViewController.swift in Sources */,
				69C07BD0219B2CB600FA934A /* AppDelegate.swift in Sources */,
				699384C8219D174100AC242E /* ScripturesViewController.swift in Sources */,
				699384A6219D031900AC242E /* Scripture.swift in Sources */,
				699384AB219D031900AC242E /* GeoPlace.swift in Sources */,
				699384BA219D0B5700AC242E /* BooksViewController.swift in Sources */,
			);
			runOnlyForDeploymentPostprocessing = 0;
		};
/* End PBXSourcesBuildPhase section */

/* Begin PBXVariantGroup section */
		69C07BD3219B2CB600FA934A /* Main.storyboard */ = {
			isa = PBXVariantGroup;
			children = (
				69C07BD4219B2CB600FA934A /* Base */,
			);
			name = Main.storyboard;
			sourceTree = "<group>";
		};
		69C07BD8219B2CB900FA934A /* LaunchScreen.storyboard */ = {
			isa = PBXVariantGroup;
			children = (
				69C07BD9219B2CB900FA934A /* Base */,
			);
			name = LaunchScreen.storyboard;
			sourceTree = "<group>";
		};
/* End PBXVariantGroup section */

/* Begin XCBuildConfiguration section */
		69C07BDC219B2CB900FA934A /* Debug */ = {
			isa = XCBuildConfiguration;
			buildSettings = {
				ALWAYS_SEARCH_USER_PATHS = NO;
				CLANG_ANALYZER_NONNULL = YES;
				CLANG_ANALYZER_NUMBER_OBJECT_CONVERSION = YES_AGGRESSIVE;
				CLANG_CXX_LANGUAGE_STANDARD = "gnu++14";
				CLANG_CXX_LIBRARY = "libc++";
				CLANG_ENABLE_MODULES = YES;
				CLANG_ENABLE_OBJC_ARC = YES;
				CLANG_ENABLE_OBJC_WEAK = YES;
				CLANG_WARN_BLOCK_CAPTURE_AUTORELEASING = YES;
				CLANG_WARN_BOOL_CONVERSION = YES;
				CLANG_WARN_COMMA = YES;
				CLANG_WARN_CONSTANT_CONVERSION = YES;
				CLANG_WARN_DEPRECATED_OBJC_IMPLEMENTATIONS = YES;
				CLANG_WARN_DIRECT_OBJC_ISA_USAGE = YES_ERROR;
				CLANG_WARN_DOCUMENTATION_COMMENTS = YES;
				CLANG_WARN_EMPTY_BODY = YES;
				CLANG_WARN_ENUM_CONVERSION = YES;
				CLANG_WARN_INFINITE_RECURSION = YES;
				CLANG_WARN_INT_CONVERSION = YES;
				CLANG_WARN_NON_LITERAL_NULL_CONVERSION = YES;
				CLANG_WARN_OBJC_IMPLICIT_RETAIN_SELF = YES;
				CLANG_WARN_OBJC_LITERAL_CONVERSION = YES;
				CLANG_WARN_OBJC_ROOT_CLASS = YES_ERROR;
				CLANG_WARN_RANGE_LOOP_ANALYSIS = YES;
				CLANG_WARN_STRICT_PROTOTYPES = YES;
				CLANG_WARN_SUSPICIOUS_MOVE = YES;
				CLANG_WARN_UNGUARDED_AVAILABILITY = YES_AGGRESSIVE;
				CLANG_WARN_UNREACHABLE_CODE = YES;
				CLANG_WARN__DUPLICATE_METHOD_MATCH = YES;
				CODE_SIGN_IDENTITY = "iPhone Developer";
				COPY_PHASE_STRIP = NO;
				DEBUG_INFORMATION_FORMAT = dwarf;
				ENABLE_STRICT_OBJC_MSGSEND = YES;
				ENABLE_TESTABILITY = YES;
				GCC_C_LANGUAGE_STANDARD = gnu11;
				GCC_DYNAMIC_NO_PIC = NO;
				GCC_NO_COMMON_BLOCKS = YES;
				GCC_OPTIMIZATION_LEVEL = 0;
				GCC_PREPROCESSOR_DEFINITIONS = (
					"DEBUG=1",
					"$(inherited)",
				);
				GCC_WARN_64_TO_32_BIT_CONVERSION = YES;
				GCC_WARN_ABOUT_RETURN_TYPE = YES_ERROR;
				GCC_WARN_UNDECLARED_SELECTOR = YES;
				GCC_WARN_UNINITIALIZED_AUTOS = YES_AGGRESSIVE;
				GCC_WARN_UNUSED_FUNCTION = YES;
				GCC_WARN_UNUSED_VARIABLE = YES;
				IPHONEOS_DEPLOYMENT_TARGET = 12.1;
				MTL_ENABLE_DEBUG_INFO = INCLUDE_SOURCE;
				MTL_FAST_MATH = YES;
				ONLY_ACTIVE_ARCH = YES;
				SDKROOT = iphoneos;
				SWIFT_ACTIVE_COMPILATION_CONDITIONS = DEBUG;
				SWIFT_OPTIMIZATION_LEVEL = "-Onone";
			};
			name = Debug;
		};
		69C07BDD219B2CB900FA934A /* Release */ = {
			isa = XCBuildConfiguration;
			buildSettings = {
				ALWAYS_SEARCH_USER_PATHS = NO;
				CLANG_ANALYZER_NONNULL = YES;
				CLANG_ANALYZER_NUMBER_OBJECT_CONVERSION = YES_AGGRESSIVE;
				CLANG_CXX_LANGUAGE_STANDARD = "gnu++14";
				CLANG_CXX_LIBRARY = "libc++";
				CLANG_ENABLE_MODULES = YES;
				CLANG_ENABLE_OBJC_ARC = YES;
				CLANG_ENABLE_OBJC_WEAK = YES;
				CLANG_WARN_BLOCK_CAPTURE_AUTORELEASING = YES;
				CLANG_WARN_BOOL_CONVERSION = YES;
				CLANG_WARN_COMMA = YES;
				CLANG_WARN_CONSTANT_CONVERSION = YES;
				CLANG_WARN_DEPRECATED_OBJC_IMPLEMENTATIONS = YES;
				CLANG_WARN_DIRECT_OBJC_ISA_USAGE = YES_ERROR;
				CLANG_WARN_DOCUMENTATION_COMMENTS = YES;
				CLANG_WARN_EMPTY_BODY = YES;
				CLANG_WARN_ENUM_CONVERSION = YES;
				CLANG_WARN_INFINITE_RECURSION = YES;
				CLANG_WARN_INT_CONVERSION = YES;
				CLANG_WARN_NON_LITERAL_NULL_CONVERSION = YES;
				CLANG_WARN_OBJC_IMPLICIT_RETAIN_SELF = YES;
				CLANG_WARN_OBJC_LITERAL_CONVERSION = YES;
				CLANG_WARN_OBJC_ROOT_CLASS = YES_ERROR;
				CLANG_WARN_RANGE_LOOP_ANALYSIS = YES;
				CLANG_WARN_STRICT_PROTOTYPES = YES;
				CLANG_WARN_SUSPICIOUS_MOVE = YES;
				CLANG_WARN_UNGUARDED_AVAILABILITY = YES_AGGRESSIVE;
				CLANG_WARN_UNREACHABLE_CODE = YES;
				CLANG_WARN__DUPLICATE_METHOD_MATCH = YES;
				CODE_SIGN_IDENTITY = "iPhone Developer";
				COPY_PHASE_STRIP = NO;
				DEBUG_INFORMATION_FORMAT = "dwarf-with-dsym";
				ENABLE_NS_ASSERTIONS = NO;
				ENABLE_STRICT_OBJC_MSGSEND = YES;
				GCC_C_LANGUAGE_STANDARD = gnu11;
				GCC_NO_COMMON_BLOCKS = YES;
				GCC_WARN_64_TO_32_BIT_CONVERSION = YES;
				GCC_WARN_ABOUT_RETURN_TYPE = YES_ERROR;
				GCC_WARN_UNDECLARED_SELECTOR = YES;
				GCC_WARN_UNINITIALIZED_AUTOS = YES_AGGRESSIVE;
				GCC_WARN_UNUSED_FUNCTION = YES;
				GCC_WARN_UNUSED_VARIABLE = YES;
				IPHONEOS_DEPLOYMENT_TARGET = 12.1;
				MTL_ENABLE_DEBUG_INFO = NO;
				MTL_FAST_MATH = YES;
				SDKROOT = iphoneos;
				SWIFT_COMPILATION_MODE = wholemodule;
				SWIFT_OPTIMIZATION_LEVEL = "-O";
				VALIDATE_PRODUCT = YES;
			};
			name = Release;
		};
		69C07BDF219B2CB900FA934A /* Debug */ = {
			isa = XCBuildConfiguration;
			baseConfigurationReference = D28A538C3DD3A193D5717F22 /* Pods-Project 3 Sou Mizobuchi.debug.xcconfig */;
			buildSettings = {
				ASSETCATALOG_COMPILER_APPICON_NAME = AppIcon;
				CODE_SIGN_STYLE = Automatic;
				DEVELOPMENT_TEAM = "";
				INFOPLIST_FILE = "Project 3 Sou Mizobuchi/Info.plist";
				LD_RUNPATH_SEARCH_PATHS = (
					"$(inherited)",
					"@executable_path/Frameworks",
				);
				PRODUCT_BUNDLE_IDENTIFIER = "IS543.Project-3-Sou-Mizobuchi";
				PRODUCT_NAME = "$(TARGET_NAME)";
				SWIFT_VERSION = 4.2;
				TARGETED_DEVICE_FAMILY = "1,2";
			};
			name = Debug;
		};
		69C07BE0219B2CB900FA934A /* Release */ = {
			isa = XCBuildConfiguration;
			baseConfigurationReference = EB6CCB0586F3E11AD460C368 /* Pods-Project 3 Sou Mizobuchi.release.xcconfig */;
			buildSettings = {
				ASSETCATALOG_COMPILER_APPICON_NAME = AppIcon;
				CODE_SIGN_STYLE = Automatic;
				DEVELOPMENT_TEAM = "";
				INFOPLIST_FILE = "Project 3 Sou Mizobuchi/Info.plist";
				LD_RUNPATH_SEARCH_PATHS = (
					"$(inherited)",
					"@executable_path/Frameworks",
				);
				PRODUCT_BUNDLE_IDENTIFIER = "IS543.Project-3-Sou-Mizobuchi";
				PRODUCT_NAME = "$(TARGET_NAME)";
				SWIFT_VERSION = 4.2;
				TARGETED_DEVICE_FAMILY = "1,2";
			};
			name = Release;
		};
/* End XCBuildConfiguration section */

/* Begin XCConfigurationList section */
		69C07BC7219B2CB600FA934A /* Build configuration list for PBXProject "Project 3 Sou Mizobuchi" */ = {
			isa = XCConfigurationList;
			buildConfigurations = (
				69C07BDC219B2CB900FA934A /* Debug */,
				69C07BDD219B2CB900FA934A /* Release */,
			);
			defaultConfigurationIsVisible = 0;
			defaultConfigurationName = Release;
		};
		69C07BDE219B2CB900FA934A /* Build configuration list for PBXNativeTarget "Project 3 Sou Mizobuchi" */ = {
			isa = XCConfigurationList;
			buildConfigurations = (
				69C07BDF219B2CB900FA934A /* Debug */,
				69C07BE0219B2CB900FA934A /* Release */,
			);
			defaultConfigurationIsVisible = 0;
			defaultConfigurationName = Release;
		};
/* End XCConfigurationList section */
	};
	rootObject = 69C07BC4219B2CB600FA934A /* Project object */;
}
